// !$*UTF8*$!
{
	archiveVersion = 1;
	classes = {
	};
	objectVersion = 48;
	objects = {

/* Begin PBXBuildFile section */
		4060DA53BF6172641B2B1C20 /* Pods_FHU_Reserve.framework in Frameworks */ = {isa = PBXBuildFile; fileRef = 63F4E324340A979193E1A367 /* Pods_FHU_Reserve.framework */; };
		7171DD0A1FBA549800B3E5FF /* Room.swift in Sources */ = {isa = PBXBuildFile; fileRef = 7171DD091FBA549800B3E5FF /* Room.swift */; };
		7171DD0C1FBA65C600B3E5FF /* RoomSet.swift in Sources */ = {isa = PBXBuildFile; fileRef = 7171DD0B1FBA65C600B3E5FF /* RoomSet.swift */; };
		7171DD101FBB7D4700B3E5FF /* AvailableRoomsTableViewController.swift in Sources */ = {isa = PBXBuildFile; fileRef = 7171DD0F1FBB7D4600B3E5FF /* AvailableRoomsTableViewController.swift */; };
		7171DD121FBB855700B3E5FF /* AvailableRoomTableViewCell.swift in Sources */ = {isa = PBXBuildFile; fileRef = 7171DD111FBB855700B3E5FF /* AvailableRoomTableViewCell.swift */; };
		717D38481FBE58500064EEC1 /* RoomViewController.swift in Sources */ = {isa = PBXBuildFile; fileRef = 717D38471FBE58500064EEC1 /* RoomViewController.swift */; };
		717D384E1FBEB77C0064EEC1 /* MyRoomsTableViewCell.swift in Sources */ = {isa = PBXBuildFile; fileRef = 717D384D1FBEB77C0064EEC1 /* MyRoomsTableViewCell.swift */; };
		717D38501FBF8DAD0064EEC1 /* MyRooms.swift in Sources */ = {isa = PBXBuildFile; fileRef = 717D384F1FBF8DAD0064EEC1 /* MyRooms.swift */; };
		717D38521FBFB64C0064EEC1 /* MyRoomViewController.swift in Sources */ = {isa = PBXBuildFile; fileRef = 717D38511FBFB64C0064EEC1 /* MyRoomViewController.swift */; };
		71A33AEE1FB25A6900447232 /* SearchViewController.swift in Sources */ = {isa = PBXBuildFile; fileRef = 71A33AED1FB25A6900447232 /* SearchViewController.swift */; };
		71A4A7C71FAE72EA000C9A80 /* AppDelegate.swift in Sources */ = {isa = PBXBuildFile; fileRef = 71A4A7C61FAE72EA000C9A80 /* AppDelegate.swift */; };
		71A4A7CB1FAE72EA000C9A80 /* SecondViewController.swift in Sources */ = {isa = PBXBuildFile; fileRef = 71A4A7CA1FAE72EA000C9A80 /* SecondViewController.swift */; };
		71A4A7CE1FAE72EA000C9A80 /* Main.storyboard in Resources */ = {isa = PBXBuildFile; fileRef = 71A4A7CC1FAE72EA000C9A80 /* Main.storyboard */; };
		71A4A7D01FAE72EA000C9A80 /* Assets.xcassets in Resources */ = {isa = PBXBuildFile; fileRef = 71A4A7CF1FAE72EA000C9A80 /* Assets.xcassets */; };
		71A4A7D31FAE72EA000C9A80 /* LaunchScreen.storyboard in Resources */ = {isa = PBXBuildFile; fileRef = 71A4A7D11FAE72EA000C9A80 /* LaunchScreen.storyboard */; };
/* End PBXBuildFile section */

/* Begin PBXFileReference section */
		63F4E324340A979193E1A367 /* Pods_FHU_Reserve.framework */ = {isa = PBXFileReference; explicitFileType = wrapper.framework; includeInIndex = 0; path = Pods_FHU_Reserve.framework; sourceTree = BUILT_PRODUCTS_DIR; };
		7171DD091FBA549800B3E5FF /* Room.swift */ = {isa = PBXFileReference; lastKnownFileType = sourcecode.swift; path = Room.swift; sourceTree = "<group>"; };
		7171DD0B1FBA65C600B3E5FF /* RoomSet.swift */ = {isa = PBXFileReference; lastKnownFileType = sourcecode.swift; path = RoomSet.swift; sourceTree = "<group>"; };
		7171DD0F1FBB7D4600B3E5FF /* AvailableRoomsTableViewController.swift */ = {isa = PBXFileReference; fileEncoding = 4; lastKnownFileType = sourcecode.swift; path = AvailableRoomsTableViewController.swift; sourceTree = "<group>"; };
		7171DD111FBB855700B3E5FF /* AvailableRoomTableViewCell.swift */ = {isa = PBXFileReference; lastKnownFileType = sourcecode.swift; path = AvailableRoomTableViewCell.swift; sourceTree = "<group>"; };
		717D38471FBE58500064EEC1 /* RoomViewController.swift */ = {isa = PBXFileReference; lastKnownFileType = sourcecode.swift; path = RoomViewController.swift; sourceTree = "<group>"; };
		717D384D1FBEB77C0064EEC1 /* MyRoomsTableViewCell.swift */ = {isa = PBXFileReference; lastKnownFileType = sourcecode.swift; path = MyRoomsTableViewCell.swift; sourceTree = "<group>"; };
		717D384F1FBF8DAD0064EEC1 /* MyRooms.swift */ = {isa = PBXFileReference; lastKnownFileType = sourcecode.swift; path = MyRooms.swift; sourceTree = "<group>"; };
		717D38511FBFB64C0064EEC1 /* MyRoomViewController.swift */ = {isa = PBXFileReference; lastKnownFileType = sourcecode.swift; path = MyRoomViewController.swift; sourceTree = "<group>"; };
		71A33AED1FB25A6900447232 /* SearchViewController.swift */ = {isa = PBXFileReference; lastKnownFileType = sourcecode.swift; path = SearchViewController.swift; sourceTree = "<group>"; };
		71A4A7C31FAE72EA000C9A80 /* FHU Reserve.app */ = {isa = PBXFileReference; explicitFileType = wrapper.application; includeInIndex = 0; path = "FHU Reserve.app"; sourceTree = BUILT_PRODUCTS_DIR; };
		71A4A7C61FAE72EA000C9A80 /* AppDelegate.swift */ = {isa = PBXFileReference; lastKnownFileType = sourcecode.swift; path = AppDelegate.swift; sourceTree = "<group>"; };
		71A4A7CA1FAE72EA000C9A80 /* SecondViewController.swift */ = {isa = PBXFileReference; lastKnownFileType = sourcecode.swift; path = SecondViewController.swift; sourceTree = "<group>"; };
		71A4A7CD1FAE72EA000C9A80 /* Base */ = {isa = PBXFileReference; lastKnownFileType = file.storyboard; name = Base; path = Base.lproj/Main.storyboard; sourceTree = "<group>"; };
		71A4A7CF1FAE72EA000C9A80 /* Assets.xcassets */ = {isa = PBXFileReference; lastKnownFileType = folder.assetcatalog; path = Assets.xcassets; sourceTree = "<group>"; };
		71A4A7D21FAE72EA000C9A80 /* Base */ = {isa = PBXFileReference; lastKnownFileType = file.storyboard; name = Base; path = Base.lproj/LaunchScreen.storyboard; sourceTree = "<group>"; };
		71A4A7D41FAE72EA000C9A80 /* Info.plist */ = {isa = PBXFileReference; lastKnownFileType = text.plist.xml; path = Info.plist; sourceTree = "<group>"; };
		7E0F02D11D10C6A1B71CC175 /* Pods-FHU Reserve.debug.xcconfig */ = {isa = PBXFileReference; includeInIndex = 1; lastKnownFileType = text.xcconfig; name = "Pods-FHU Reserve.debug.xcconfig"; path = "Pods/Target Support Files/Pods-FHU Reserve/Pods-FHU Reserve.debug.xcconfig"; sourceTree = "<group>"; };
		CD0AF4BFC8CDD196076BBC41 /* Pods-FHU Reserve.release.xcconfig */ = {isa = PBXFileReference; includeInIndex = 1; lastKnownFileType = text.xcconfig; name = "Pods-FHU Reserve.release.xcconfig"; path = "Pods/Target Support Files/Pods-FHU Reserve/Pods-FHU Reserve.release.xcconfig"; sourceTree = "<group>"; };
/* End PBXFileReference section */

/* Begin PBXFrameworksBuildPhase section */
		71A4A7C01FAE72EA000C9A80 /* Frameworks */ = {
			isa = PBXFrameworksBuildPhase;
			buildActionMask = 2147483647;
			files = (
				4060DA53BF6172641B2B1C20 /* Pods_FHU_Reserve.framework in Frameworks */,
			);
			runOnlyForDeploymentPostprocessing = 0;
		};
/* End PBXFrameworksBuildPhase section */

/* Begin PBXGroup section */
		2657FCB13D2388CA54C5ACB5 /* Pods */ = {
			isa = PBXGroup;
			children = (
				7E0F02D11D10C6A1B71CC175 /* Pods-FHU Reserve.debug.xcconfig */,
				CD0AF4BFC8CDD196076BBC41 /* Pods-FHU Reserve.release.xcconfig */,
			);
			name = Pods;
			sourceTree = "<group>";
		};
		37BF704B56DDE50BDA6028B8 /* Frameworks */ = {
			isa = PBXGroup;
			children = (
				63F4E324340A979193E1A367 /* Pods_FHU_Reserve.framework */,
			);
			name = Frameworks;
			sourceTree = "<group>";
		};
		71A4A7BA1FAE72EA000C9A80 = {
			isa = PBXGroup;
			children = (
				71A4A7C51FAE72EA000C9A80 /* FHU Reserve */,
				71A4A7C41FAE72EA000C9A80 /* Products */,
				2657FCB13D2388CA54C5ACB5 /* Pods */,
				37BF704B56DDE50BDA6028B8 /* Frameworks */,
			);
			sourceTree = "<group>";
		};
		71A4A7C41FAE72EA000C9A80 /* Products */ = {
			isa = PBXGroup;
			children = (
				71A4A7C31FAE72EA000C9A80 /* FHU Reserve.app */,
			);
			name = Products;
			sourceTree = "<group>";
		};
		71A4A7C51FAE72EA000C9A80 /* FHU Reserve */ = {
			isa = PBXGroup;
			children = (
				7171DD0F1FBB7D4600B3E5FF /* AvailableRoomsTableViewController.swift */,
				71A4A7C61FAE72EA000C9A80 /* AppDelegate.swift */,
				71A4A7CA1FAE72EA000C9A80 /* SecondViewController.swift */,
				717D384F1FBF8DAD0064EEC1 /* MyRooms.swift */,
				717D384D1FBEB77C0064EEC1 /* MyRoomsTableViewCell.swift */,
				71A4A7CC1FAE72EA000C9A80 /* Main.storyboard */,
				717D38511FBFB64C0064EEC1 /* MyRoomViewController.swift */,
				717D38471FBE58500064EEC1 /* RoomViewController.swift */,
				7171DD111FBB855700B3E5FF /* AvailableRoomTableViewCell.swift */,
				7171DD091FBA549800B3E5FF /* Room.swift */,
				7171DD0B1FBA65C600B3E5FF /* RoomSet.swift */,
				71A33AED1FB25A6900447232 /* SearchViewController.swift */,
				71A4A7CF1FAE72EA000C9A80 /* Assets.xcassets */,
				71A4A7D11FAE72EA000C9A80 /* LaunchScreen.storyboard */,
				71A4A7D41FAE72EA000C9A80 /* Info.plist */,
			);
			path = "FHU Reserve";
			sourceTree = "<group>";
		};
/* End PBXGroup section */

/* Begin PBXNativeTarget section */
		71A4A7C21FAE72EA000C9A80 /* FHU Reserve */ = {
			isa = PBXNativeTarget;
			buildConfigurationList = 71A4A7D71FAE72EA000C9A80 /* Build configuration list for PBXNativeTarget "FHU Reserve" */;
			buildPhases = (
				BDE52C6BD74DAD94F8C58D15 /* [CP] Check Pods Manifest.lock */,
				71A4A7BF1FAE72EA000C9A80 /* Sources */,
				71A4A7C01FAE72EA000C9A80 /* Frameworks */,
				71A4A7C11FAE72EA000C9A80 /* Resources */,
				D15CF9C4553992A87440518E /* [CP] Embed Pods Frameworks */,
				9013D826F54B04D45332A4E9 /* [CP] Copy Pods Resources */,
			);
			buildRules = (
			);
			dependencies = (
			);
			name = "FHU Reserve";
			productName = "FHU Reserve";
			productReference = 71A4A7C31FAE72EA000C9A80 /* FHU Reserve.app */;
			productType = "com.apple.product-type.application";
		};
/* End PBXNativeTarget section */

/* Begin PBXProject section */
		71A4A7BB1FAE72EA000C9A80 /* Project object */ = {
			isa = PBXProject;
			attributes = {
				LastSwiftUpdateCheck = 0910;
				LastUpgradeCheck = 0910;
				ORGANIZATIONNAME = "Freed Hardeman University";
				TargetAttributes = {
					71A4A7C21FAE72EA000C9A80 = {
						CreatedOnToolsVersion = 9.1;
						ProvisioningStyle = Automatic;
					};
				};
			};
			buildConfigurationList = 71A4A7BE1FAE72EA000C9A80 /* Build configuration list for PBXProject "FHU Reserve" */;
			compatibilityVersion = "Xcode 8.0";
			developmentRegion = en;
			hasScannedForEncodings = 0;
			knownRegions = (
				en,
				Base,
			);
			mainGroup = 71A4A7BA1FAE72EA000C9A80;
			productRefGroup = 71A4A7C41FAE72EA000C9A80 /* Products */;
			projectDirPath = "";
			projectRoot = "";
			targets = (
				71A4A7C21FAE72EA000C9A80 /* FHU Reserve */,
			);
		};
/* End PBXProject section */

/* Begin PBXResourcesBuildPhase section */
		71A4A7C11FAE72EA000C9A80 /* Resources */ = {
			isa = PBXResourcesBuildPhase;
			buildActionMask = 2147483647;
			files = (
				71A4A7D31FAE72EA000C9A80 /* LaunchScreen.storyboard in Resources */,
				71A4A7D01FAE72EA000C9A80 /* Assets.xcassets in Resources */,
				71A4A7CE1FAE72EA000C9A80 /* Main.storyboard in Resources */,
			);
			runOnlyForDeploymentPostprocessing = 0;
		};
/* End PBXResourcesBuildPhase section */

/* Begin PBXShellScriptBuildPhase section */
		9013D826F54B04D45332A4E9 /* [CP] Copy Pods Resources */ = {
			isa = PBXShellScriptBuildPhase;
			buildActionMask = 2147483647;
			files = (
			);
			inputPaths = (
			);
			name = "[CP] Copy Pods Resources";
			outputPaths = (
			);
			runOnlyForDeploymentPostprocessing = 0;
			shellPath = /bin/sh;
			shellScript = "\"${SRCROOT}/Pods/Target Support Files/Pods-FHU Reserve/Pods-FHU Reserve-resources.sh\"\n";
			showEnvVarsInLog = 0;
		};
		BDE52C6BD74DAD94F8C58D15 /* [CP] Check Pods Manifest.lock */ = {
			isa = PBXShellScriptBuildPhase;
			buildActionMask = 2147483647;
			files = (
			);
			inputPaths = (
				"${PODS_PODFILE_DIR_PATH}/Podfile.lock",
				"${PODS_ROOT}/Manifest.lock",
			);
			name = "[CP] Check Pods Manifest.lock";
			outputPaths = (
				"$(DERIVED_FILE_DIR)/Pods-FHU Reserve-checkManifestLockResult.txt",
			);
			runOnlyForDeploymentPostprocessing = 0;
			shellPath = /bin/sh;
			shellScript = "diff \"${PODS_PODFILE_DIR_PATH}/Podfile.lock\" \"${PODS_ROOT}/Manifest.lock\" > /dev/null\nif [ $? != 0 ] ; then\n    # print error to STDERR\n    echo \"error: The sandbox is not in sync with the Podfile.lock. Run 'pod install' or update your CocoaPods installation.\" >&2\n    exit 1\nfi\n# This output is used by Xcode 'outputs' to avoid re-running this script phase.\necho \"SUCCESS\" > \"${SCRIPT_OUTPUT_FILE_0}\"\n";
			showEnvVarsInLog = 0;
		};
		D15CF9C4553992A87440518E /* [CP] Embed Pods Frameworks */ = {
			isa = PBXShellScriptBuildPhase;
			buildActionMask = 2147483647;
			files = (
			);
			inputPaths = (
				"${SRCROOT}/Pods/Target Support Files/Pods-FHU Reserve/Pods-FHU Reserve-frameworks.sh",
				"${BUILT_PRODUCTS_DIR}/JBDatePicker/JBDatePicker.framework",
			);
			name = "[CP] Embed Pods Frameworks";
			outputPaths = (
				"${TARGET_BUILD_DIR}/${FRAMEWORKS_FOLDER_PATH}/JBDatePicker.framework",
			);
			runOnlyForDeploymentPostprocessing = 0;
			shellPath = /bin/sh;
			shellScript = "\"${SRCROOT}/Pods/Target Support Files/Pods-FHU Reserve/Pods-FHU Reserve-frameworks.sh\"\n";
			showEnvVarsInLog = 0;
		};
/* End PBXShellScriptBuildPhase section */

/* Begin PBXSourcesBuildPhase section */
		71A4A7BF1FAE72EA000C9A80 /* Sources */ = {
			isa = PBXSourcesBuildPhase;
			buildActionMask = 2147483647;
			files = (
				7171DD101FBB7D4700B3E5FF /* AvailableRoomsTableViewController.swift in Sources */,
				71A4A7CB1FAE72EA000C9A80 /* SecondViewController.swift in Sources */,
				7171DD121FBB855700B3E5FF /* AvailableRoomTableViewCell.swift in Sources */,
				717D384E1FBEB77C0064EEC1 /* MyRoomsTableViewCell.swift in Sources */,
				717D38501FBF8DAD0064EEC1 /* MyRooms.swift in Sources */,
				71A4A7C71FAE72EA000C9A80 /* AppDelegate.swift in Sources */,
				7171DD0A1FBA549800B3E5FF /* Room.swift in Sources */,
				717D38521FBFB64C0064EEC1 /* MyRoomViewController.swift in Sources */,
				7171DD0C1FBA65C600B3E5FF /* RoomSet.swift in Sources */,
				71A33AEE1FB25A6900447232 /* SearchViewController.swift in Sources */,
				717D38481FBE58500064EEC1 /* RoomViewController.swift in Sources */,
			);
			runOnlyForDeploymentPostprocessing = 0;
		};
/* End PBXSourcesBuildPhase section */

/* Begin PBXVariantGroup section */
		71A4A7CC1FAE72EA000C9A80 /* Main.storyboard */ = {
			isa = PBXVariantGroup;
			children = (
				71A4A7CD1FAE72EA000C9A80 /* Base */,
			);
			name = Main.storyboard;
			sourceTree = "<group>";
		};
		71A4A7D11FAE72EA000C9A80 /* LaunchScreen.storyboard */ = {
			isa = PBXVariantGroup;
			children = (
				71A4A7D21FAE72EA000C9A80 /* Base */,
			);
			name = LaunchScreen.storyboard;
			sourceTree = "<group>";
		};
/* End PBXVariantGroup section */

/* Begin XCBuildConfiguration section */
		71A4A7D51FAE72EA000C9A80 /* Debug */ = {
			isa = XCBuildConfiguration;
			buildSettings = {
				ALWAYS_SEARCH_USER_PATHS = NO;
				CLANG_ANALYZER_NONNULL = YES;
				CLANG_ANALYZER_NUMBER_OBJECT_CONVERSION = YES_AGGRESSIVE;
				CLANG_CXX_LANGUAGE_STANDARD = "gnu++14";
				CLANG_CXX_LIBRARY = "libc++";
				CLANG_ENABLE_MODULES = YES;
				CLANG_ENABLE_OBJC_ARC = YES;
				CLANG_WARN_BLOCK_CAPTURE_AUTORELEASING = YES;
				CLANG_WARN_BOOL_CONVERSION = YES;
				CLANG_WARN_COMMA = YES;
				CLANG_WARN_CONSTANT_CONVERSION = YES;
				CLANG_WARN_DIRECT_OBJC_ISA_USAGE = YES_ERROR;
				CLANG_WARN_DOCUMENTATION_COMMENTS = YES;
				CLANG_WARN_EMPTY_BODY = YES;
				CLANG_WARN_ENUM_CONVERSION = YES;
				CLANG_WARN_INFINITE_RECURSION = YES;
				CLANG_WARN_INT_CONVERSION = YES;
				CLANG_WARN_NON_LITERAL_NULL_CONVERSION = YES;
				CLANG_WARN_OBJC_LITERAL_CONVERSION = YES;
				CLANG_WARN_OBJC_ROOT_CLASS = YES_ERROR;
				CLANG_WARN_RANGE_LOOP_ANALYSIS = YES;
				CLANG_WARN_STRICT_PROTOTYPES = YES;
				CLANG_WARN_SUSPICIOUS_MOVE = YES;
				CLANG_WARN_UNGUARDED_AVAILABILITY = YES_AGGRESSIVE;
				CLANG_WARN_UNREACHABLE_CODE = YES;
				CLANG_WARN__DUPLICATE_METHOD_MATCH = YES;
				CODE_SIGN_IDENTITY = "iPhone Developer";
				COPY_PHASE_STRIP = NO;
				DEBUG_INFORMATION_FORMAT = dwarf;
				ENABLE_STRICT_OBJC_MSGSEND = YES;
				ENABLE_TESTABILITY = YES;
				GCC_C_LANGUAGE_STANDARD = gnu11;
				GCC_DYNAMIC_NO_PIC = NO;
				GCC_NO_COMMON_BLOCKS = YES;
				GCC_OPTIMIZATION_LEVEL = 0;
				GCC_PREPROCESSOR_DEFINITIONS = (
					"DEBUG=1",
					"$(inherited)",
				);
				GCC_WARN_64_TO_32_BIT_CONVERSION = YES;
				GCC_WARN_ABOUT_RETURN_TYPE = YES_ERROR;
				GCC_WARN_UNDECLARED_SELECTOR = YES;
				GCC_WARN_UNINITIALIZED_AUTOS = YES_AGGRESSIVE;
				GCC_WARN_UNUSED_FUNCTION = YES;
				GCC_WARN_UNUSED_VARIABLE = YES;
				IPHONEOS_DEPLOYMENT_TARGET = 11.1;
				MTL_ENABLE_DEBUG_INFO = YES;
				ONLY_ACTIVE_ARCH = YES;
				SDKROOT = iphoneos;
				SWIFT_ACTIVE_COMPILATION_CONDITIONS = DEBUG;
				SWIFT_OPTIMIZATION_LEVEL = "-Onone";
			};
			name = Debug;
		};
		71A4A7D61FAE72EA000C9A80 /* Release */ = {
			isa = XCBuildConfiguration;
			buildSettings = {
				ALWAYS_SEARCH_USER_PATHS = NO;
				CLANG_ANALYZER_NONNULL = YES;
				CLANG_ANALYZER_NUMBER_OBJECT_CONVERSION = YES_AGGRESSIVE;
				CLANG_CXX_LANGUAGE_STANDARD = "gnu++14";
				CLANG_CXX_LIBRARY = "libc++";
				CLANG_ENABLE_MODULES = YES;
				CLANG_ENABLE_OBJC_ARC = YES;
				CLANG_WARN_BLOCK_CAPTURE_AUTORELEASING = YES;
				CLANG_WARN_BOOL_CONVERSION = YES;
				CLANG_WARN_COMMA = YES;
				CLANG_WARN_CONSTANT_CONVERSION = YES;
				CLANG_WARN_DIRECT_OBJC_ISA_USAGE = YES_ERROR;
				CLANG_WARN_DOCUMENTATION_COMMENTS = YES;
				CLANG_WARN_EMPTY_BODY = YES;
				CLANG_WARN_ENUM_CONVERSION = YES;
				CLANG_WARN_INFINITE_RECURSION = YES;
				CLANG_WARN_INT_CONVERSION = YES;
				CLANG_WARN_NON_LITERAL_NULL_CONVERSION = YES;
				CLANG_WARN_OBJC_LITERAL_CONVERSION = YES;
				CLANG_WARN_OBJC_ROOT_CLASS = YES_ERROR;
				CLANG_WARN_RANGE_LOOP_ANALYSIS = YES;
				CLANG_WARN_STRICT_PROTOTYPES = YES;
				CLANG_WARN_SUSPICIOUS_MOVE = YES;
				CLANG_WARN_UNGUARDED_AVAILABILITY = YES_AGGRESSIVE;
				CLANG_WARN_UNREACHABLE_CODE = YES;
				CLANG_WARN__DUPLICATE_METHOD_MATCH = YES;
				CODE_SIGN_IDENTITY = "iPhone Developer";
				COPY_PHASE_STRIP = NO;
				DEBUG_INFORMATION_FORMAT = "dwarf-with-dsym";
				ENABLE_NS_ASSERTIONS = NO;
				ENABLE_STRICT_OBJC_MSGSEND = YES;
				GCC_C_LANGUAGE_STANDARD = gnu11;
				GCC_NO_COMMON_BLOCKS = YES;
				GCC_WARN_64_TO_32_BIT_CONVERSION = YES;
				GCC_WARN_ABOUT_RETURN_TYPE = YES_ERROR;
				GCC_WARN_UNDECLARED_SELECTOR = YES;
				GCC_WARN_UNINITIALIZED_AUTOS = YES_AGGRESSIVE;
				GCC_WARN_UNUSED_FUNCTION = YES;
				GCC_WARN_UNUSED_VARIABLE = YES;
				IPHONEOS_DEPLOYMENT_TARGET = 11.1;
				MTL_ENABLE_DEBUG_INFO = NO;
				SDKROOT = iphoneos;
				SWIFT_OPTIMIZATION_LEVEL = "-Owholemodule";
				VALIDATE_PRODUCT = YES;
			};
			name = Release;
		};
		71A4A7D81FAE72EA000C9A80 /* Debug */ = {
			isa = XCBuildConfiguration;
			baseConfigurationReference = 7E0F02D11D10C6A1B71CC175 /* Pods-FHU Reserve.debug.xcconfig */;
			buildSettings = {
				ASSETCATALOG_COMPILER_APPICON_NAME = AppIcon;
				"CODE_SIGN_IDENTITY[sdk=iphoneos*]" = "iPhone Developer";
				CODE_SIGN_STYLE = Automatic;
				DEVELOPMENT_TEAM = 7L7XYK2UEN;
				INFOPLIST_FILE = "FHU Reserve/Info.plist";
				LD_RUNPATH_SEARCH_PATHS = "$(inherited) @executable_path/Frameworks";
				PRODUCT_BUNDLE_IDENTIFIER = "edu.fhu.FHU-Reserve2";
				PRODUCT_NAME = "$(TARGET_NAME)";
				PROVISIONING_PROFILE_SPECIFIER = "";
				SWIFT_VERSION = 4.0;
				TARGETED_DEVICE_FAMILY = "1,2";
			};
			name = Debug;
		};
		71A4A7D91FAE72EA000C9A80 /* Release */ = {
			isa = XCBuildConfiguration;
			baseConfigurationReference = CD0AF4BFC8CDD196076BBC41 /* Pods-FHU Reserve.release.xcconfig */;
			buildSettings = {
				ASSETCATALOG_COMPILER_APPICON_NAME = AppIcon;
				"CODE_SIGN_IDENTITY[sdk=iphoneos*]" = "iPhone Developer";
				CODE_SIGN_STYLE = Automatic;
				DEVELOPMENT_TEAM = 7L7XYK2UEN;
				INFOPLIST_FILE = "FHU Reserve/Info.plist";
				LD_RUNPATH_SEARCH_PATHS = "$(inherited) @executable_path/Frameworks";
				PRODUCT_BUNDLE_IDENTIFIER = "edu.fhu.FHU-Reserve2";
				PRODUCT_NAME = "$(TARGET_NAME)";
				PROVISIONING_PROFILE_SPECIFIER = "";
				SWIFT_VERSION = 4.0;
				TARGETED_DEVICE_FAMILY = "1,2";
			};
			name = Release;
		};
/* End XCBuildConfiguration section */

/* Begin XCConfigurationList section */
		71A4A7BE1FAE72EA000C9A80 /* Build configuration list for PBXProject "FHU Reserve" */ = {
			isa = XCConfigurationList;
			buildConfigurations = (
				71A4A7D51FAE72EA000C9A80 /* Debug */,
				71A4A7D61FAE72EA000C9A80 /* Release */,
			);
			defaultConfigurationIsVisible = 0;
			defaultConfigurationName = Release;
		};
		71A4A7D71FAE72EA000C9A80 /* Build configuration list for PBXNativeTarget "FHU Reserve" */ = {
			isa = XCConfigurationList;
			buildConfigurations = (
				71A4A7D81FAE72EA000C9A80 /* Debug */,
				71A4A7D91FAE72EA000C9A80 /* Release */,
			);
			defaultConfigurationIsVisible = 0;
			defaultConfigurationName = Release;
		};
/* End XCConfigurationList section */
	};
	rootObject = 71A4A7BB1FAE72EA000C9A80 /* Project object */;
}
